{
  "name": "@slack/hooks",
  "version": "0.0.1",
  "lockfileVersion": 3,
  "requires": true,
  "packages": {
    "": {
      "name": "@slack/hooks",
      "version": "0.0.1",
      "license": "MIT",
      "bin": {
        "slack-cli-check-update": "src/check-update.js",
        "slack-cli-get-hooks": "src/get-hooks.js",
        "slack-cli-get-manifest": "src/get-manifest.js",
        "slack-cli-start": "src/start.js"
      },
      "engines": {
        "node": ">= 18",
        "npm": ">= 8.6.0"
      }
    }
  }
}
